
Microsoft Visual Studio Solution File, Format Version 12.00
# Visual Studio Version 16
VisualStudioVersion = 16.0.31424.327
MinimumVisualStudioVersion = 10.0.40219.1
Project("{8BC9CEB8-8B4A-11D0-8D11-00A0C91BC942}") = "lec4", "lec4\lec4.vcxproj", "{1F85A2FC-70AD-42E7-98A4-7C11412ABE5D}"
EndProject
Global
	GlobalSection(SolutionConfigurationPlatforms) = preSolution
		Debug|x64 = Debug|x64
		Debug|x86 = Debug|x86
		Release|x64 = Release|x64
		Release|x86 = Release|x86
	EndGlobalSection
	GlobalSection(ProjectConfigurationPlatforms) = postSolution
		{1F85A2FC-70AD-42E7-98A4-7C11412ABE5D}.Debug|x64.ActiveCfg = Debug|x64
		{1F85A2FC-70AD-42E7-98A4-7C11412ABE5D}.Debug|x64.Build.0 = Debug|x64
		{1F85A2FC-70AD-42E7-98A4-7C11412ABE5D}.Debug|x86.ActiveCfg = Debug|Win32
		{1F85A2FC-70AD-42E7-98A4-7C11412ABE5D}.Debug|x86.Build.0 = Debug|Win32
		{1F85A2FC-70AD-42E7-98A4-7C11412ABE5D}.Release|x64.ActiveCfg = Release|x64
		{1F85A2FC-70AD-42E7-98A4-7C11412ABE5D}.Release|x64.Build.0 = Release|x64
		{1F85A2FC-70AD-42E7-98A4-7C11412ABE5D}.Release|x86.ActiveCfg = Release|Win32
		{1F85A2FC-70AD-42E7-98A4-7C11412ABE5D}.Release|x86.Build.0 = Release|Win32
	EndGlobalSection
	GlobalSection(SolutionProperties) = preSolution
		HideSolutionNode = FALSE
	EndGlobalSection
	GlobalSection(ExtensibilityGlobals) = postSolution
		SolutionGuid = {BA7BB3D1-C438-4CE8-8556-04878BD2656F}
	EndGlobalSection
EndGlobal
